
Microsoft Visual Studio Solution File, Format Version 12.00
# Visual Studio Version 16
VisualStudioVersion = 16.0.30804.86
MinimumVisualStudioVersion = 10.0.40219.1
Project("{FAE04EC0-301F-11D3-BF4B-00C04F79EFBC}") = "DiscordWebhookEmbedTutorial", "DiscordWebhookEmbedTutorial.csproj", "{F98E3F09-8DFE-4953-9C2D-9CE8B0C36EE9}"
EndProject
Global
	GlobalSection(SolutionConfigurationPlatforms) = preSolution
		Debug|Any CPU = Debug|Any CPU
		Release|Any CPU = Release|Any CPU
	EndGlobalSection
	GlobalSection(ProjectConfigurationPlatforms) = postSolution
		{F98E3F09-8DFE-4953-9C2D-9CE8B0C36EE9}.Debug|Any CPU.ActiveCfg = Debug|Any CPU
		{F98E3F09-8DFE-4953-9C2D-9CE8B0C36EE9}.Debug|Any CPU.Build.0 = Debug|Any CPU
		{F98E3F09-8DFE-4953-9C2D-9CE8B0C36EE9}.Release|Any CPU.ActiveCfg = Release|Any CPU
		{F98E3F09-8DFE-4953-9C2D-9CE8B0C36EE9}.Release|Any CPU.Build.0 = Release|Any CPU
	EndGlobalSection
	GlobalSection(SolutionProperties) = preSolution
		HideSolutionNode = FALSE
	EndGlobalSection
	GlobalSection(ExtensibilityGlobals) = postSolution
		SolutionGuid = {8E244E36-B109-4721-878C-F529BE2F48B6}
	EndGlobalSection
EndGlobal
